
Microsoft Visual Studio Solution File, Format Version 12.00
# Visual Studio 15
VisualStudioVersion = 15.0.28307.1082
MinimumVisualStudioVersion = 10.0.40219.1
Project("{8BC9CEB8-8B4A-11D0-8D11-00A0C91BC942}") = "Lab_2_Sobol_Kostik_b19-511", "Lab_2_Sobol_Kostik_b19-511\Lab_2_Sobol_Kostik_b19-511.vcxproj", "{FBD6B323-790D-4C5E-AF07-18C2DDB6A3BB}"
EndProject
Global
	GlobalSection(SolutionConfigurationPlatforms) = preSolution
		Debug|x64 = Debug|x64
		Debug|x86 = Debug|x86
		Release|x64 = Release|x64
		Release|x86 = Release|x86
	EndGlobalSection
	GlobalSection(ProjectConfigurationPlatforms) = postSolution
		{FBD6B323-790D-4C5E-AF07-18C2DDB6A3BB}.Debug|x64.ActiveCfg = Debug|x64
		{FBD6B323-790D-4C5E-AF07-18C2DDB6A3BB}.Debug|x64.Build.0 = Debug|x64
		{FBD6B323-790D-4C5E-AF07-18C2DDB6A3BB}.Debug|x86.ActiveCfg = Debug|Win32
		{FBD6B323-790D-4C5E-AF07-18C2DDB6A3BB}.Debug|x86.Build.0 = Debug|Win32
		{FBD6B323-790D-4C5E-AF07-18C2DDB6A3BB}.Release|x64.ActiveCfg = Release|x64
		{FBD6B323-790D-4C5E-AF07-18C2DDB6A3BB}.Release|x64.Build.0 = Release|x64
		{FBD6B323-790D-4C5E-AF07-18C2DDB6A3BB}.Release|x86.ActiveCfg = Release|Win32
		{FBD6B323-790D-4C5E-AF07-18C2DDB6A3BB}.Release|x86.Build.0 = Release|Win32
	EndGlobalSection
	GlobalSection(SolutionProperties) = preSolution
		HideSolutionNode = FALSE
	EndGlobalSection
	GlobalSection(ExtensibilityGlobals) = postSolution
		SolutionGuid = {E3FBC392-65F9-435B-957F-4B86287396D0}
	EndGlobalSection
EndGlobal
